// !$*UTF8*$!
{
	archiveVersion = 1;
	classes = {
	};
	objectVersion = 46;
	objects = {

/* Begin PBXBuildFile section */
		8307CC651833960600528BCF /* d触控0.png in Resources */ = {isa = PBXBuildFile; fileRef = 8307CC631833960600528BCF /* d触控0.png */; };
		8307CC661833960600528BCF /* d触控0@2x.png in Resources */ = {isa = PBXBuildFile; fileRef = 8307CC641833960600528BCF /* d触控0@2x.png */; };
		8307CC691833961000528BCF /* d_next.png in Resources */ = {isa = PBXBuildFile; fileRef = 8307CC671833961000528BCF /* d_next.png */; };
		8307CC6A1833961000528BCF /* d_next@2x.png in Resources */ = {isa = PBXBuildFile; fileRef = 8307CC681833961000528BCF /* d_next@2x.png */; };
		8307CC701833A0FA00528BCF /* icon@2x.png in Resources */ = {isa = PBXBuildFile; fileRef = 8307CC6F1833A0FA00528BCF /* icon@2x.png */; };
		8307CC721833A10A00528BCF /* icon.png in Resources */ = {isa = PBXBuildFile; fileRef = 8307CC711833A10A00528BCF /* icon.png */; };
		8307CC771833A3D000528BCF /* name_image_1.png in Resources */ = {isa = PBXBuildFile; fileRef = 8307CC731833A3D000528BCF /* name_image_1.png */; };
		8307CC781833A3D000528BCF /* name_image_1@2x.png in Resources */ = {isa = PBXBuildFile; fileRef = 8307CC741833A3D000528BCF /* name_image_1@2x.png */; };
		8307CC791833A3D000528BCF /* player_image_1.png in Resources */ = {isa = PBXBuildFile; fileRef = 8307CC751833A3D000528BCF /* player_image_1.png */; };
		8307CC7A1833A3D000528BCF /* player_image_1@2x.png in Resources */ = {isa = PBXBuildFile; fileRef = 8307CC761833A3D000528BCF /* player_image_1@2x.png */; };
		8307CC7D1833A4E300528BCF /* Reachability.m in Sources */ = {isa = PBXBuildFile; fileRef = 8307CC7C1833A4E300528BCF /* Reachability.m */; };
		8307CC7F1833A69D00528BCF /* SystemConfiguration.framework in Frameworks */ = {isa = PBXBuildFile; fileRef = 8307CC7E1833A69D00528BCF /* SystemConfiguration.framework */; };
		83490E77182F262800E38306 /* UIKit.framework in Frameworks */ = {isa = PBXBuildFile; fileRef = 83490E76182F262800E38306 /* UIKit.framework */; };
		83490E79182F262800E38306 /* Foundation.framework in Frameworks */ = {isa = PBXBuildFile; fileRef = 83490E78182F262800E38306 /* Foundation.framework */; };
		83490E7B182F262800E38306 /* CoreGraphics.framework in Frameworks */ = {isa = PBXBuildFile; fileRef = 83490E7A182F262800E38306 /* CoreGraphics.framework */; };
		83490E81182F262800E38306 /* InfoPlist.strings in Resources */ = {isa = PBXBuildFile; fileRef = 83490E7F182F262800E38306 /* InfoPlist.strings */; };
		83490E83182F262800E38306 /* main.m in Sources */ = {isa = PBXBuildFile; fileRef = 83490E82182F262800E38306 /* main.m */; };
		83490E87182F262900E38306 /* AppDelegate.m in Sources */ = {isa = PBXBuildFile; fileRef = 83490E86182F262900E38306 /* AppDelegate.m */; };
		83490E89182F262900E38306 /* Default.png in Resources */ = {isa = PBXBuildFile; fileRef = 83490E88182F262900E38306 /* Default.png */; };
		83490E8B182F262900E38306 /* Default@2x.png in Resources */ = {isa = PBXBuildFile; fileRef = 83490E8A182F262900E38306 /* Default@2x.png */; };
		83490E8D182F262900E38306 /* Default-568h@2x.png in Resources */ = {isa = PBXBuildFile; fileRef = 83490E8C182F262900E38306 /* Default-568h@2x.png */; };
		83490E90182F262900E38306 /* ViewController.m in Sources */ = {isa = PBXBuildFile; fileRef = 83490E8F182F262900E38306 /* ViewController.m */; };
		83490E93182F262900E38306 /* ViewController.xib in Resources */ = {isa = PBXBuildFile; fileRef = 83490E91182F262900E38306 /* ViewController.xib */; };
		836F16F918338439000AAA02 /* bg.png in Resources */ = {isa = PBXBuildFile; fileRef = 836F16F618338439000AAA02 /* bg.png */; };
		836F16FA18338439000AAA02 /* bg@2x.png in Resources */ = {isa = PBXBuildFile; fileRef = 836F16F718338439000AAA02 /* bg@2x.png */; };
		836F16FB18338439000AAA02 /* 评委打分器.jpg in Resources */ = {isa = PBXBuildFile; fileRef = 836F16F818338439000AAA02 /* 评委打分器.jpg */; };
		836F16FE183385A4000AAA02 /* 分.png in Resources */ = {isa = PBXBuildFile; fileRef = 836F16FC183385A4000AAA02 /* 分.png */; };
		836F16FF183385A4000AAA02 /* 分@2x.png in Resources */ = {isa = PBXBuildFile; fileRef = 836F16FD183385A4000AAA02 /* 分@2x.png */; };
		836F171418338722000AAA02 /* 触控0.png in Resources */ = {isa = PBXBuildFile; fileRef = 836F170018338722000AAA02 /* 触控0.png */; };
		836F171518338722000AAA02 /* 触控0@2x.png in Resources */ = {isa = PBXBuildFile; fileRef = 836F170118338722000AAA02 /* 触控0@2x.png */; };
		836F171618338722000AAA02 /* 触控1.png in Resources */ = {isa = PBXBuildFile; fileRef = 836F170218338722000AAA02 /* 触控1.png */; };
		836F171718338722000AAA02 /* 触控1@2x.png in Resources */ = {isa = PBXBuildFile; fileRef = 836F170318338722000AAA02 /* 触控1@2x.png */; };
		836F171818338722000AAA02 /* 触控2.png in Resources */ = {isa = PBXBuildFile; fileRef = 836F170418338722000AAA02 /* 触控2.png */; };
		836F171918338722000AAA02 /* 触控2@2x.png in Resources */ = {isa = PBXBuildFile; fileRef = 836F170518338722000AAA02 /* 触控2@2x.png */; };
		836F171A18338722000AAA02 /* 触控3.png in Resources */ = {isa = PBXBuildFile; fileRef = 836F170618338722000AAA02 /* 触控3.png */; };
		836F171B18338722000AAA02 /* 触控3@2x.png in Resources */ = {isa = PBXBuildFile; fileRef = 836F170718338722000AAA02 /* 触控3@2x.png */; };
		836F171C18338722000AAA02 /* 触控4.png in Resources */ = {isa = PBXBuildFile; fileRef = 836F170818338722000AAA02 /* 触控4.png */; };
		836F171D18338722000AAA02 /* 触控4@2x.png in Resources */ = {isa = PBXBuildFile; fileRef = 836F170918338722000AAA02 /* 触控4@2x.png */; };
		836F171E18338722000AAA02 /* 触控5.png in Resources */ = {isa = PBXBuildFile; fileRef = 836F170A18338722000AAA02 /* 触控5.png */; };
		836F171F18338722000AAA02 /* 触控5@2x.png in Resources */ = {isa = PBXBuildFile; fileRef = 836F170B18338722000AAA02 /* 触控5@2x.png */; };
		836F172018338722000AAA02 /* 触控6.png in Resources */ = {isa = PBXBuildFile; fileRef = 836F170C18338722000AAA02 /* 触控6.png */; };
		836F172118338722000AAA02 /* 触控6@2x.png in Resources */ = {isa = PBXBuildFile; fileRef = 836F170D18338722000AAA02 /* 触控6@2x.png */; };
		836F172218338722000AAA02 /* 触控7.png in Resources */ = {isa = PBXBuildFile; fileRef = 836F170E18338722000AAA02 /* 触控7.png */; };
		836F172318338722000AAA02 /* 触控7@2x.png in Resources */ = {isa = PBXBuildFile; fileRef = 836F170F18338722000AAA02 /* 触控7@2x.png */; };
		836F172418338722000AAA02 /* 触控8.png in Resources */ = {isa = PBXBuildFile; fileRef = 836F171018338722000AAA02 /* 触控8.png */; };
		836F172518338722000AAA02 /* 触控8@2x.png in Resources */ = {isa = PBXBuildFile; fileRef = 836F171118338722000AAA02 /* 触控8@2x.png */; };
		836F172618338722000AAA02 /* 触控9.png in Resources */ = {isa = PBXBuildFile; fileRef = 836F171218338722000AAA02 /* 触控9.png */; };
		836F172718338722000AAA02 /* 触控9@2x.png in Resources */ = {isa = PBXBuildFile; fileRef = 836F171318338722000AAA02 /* 触控9@2x.png */; };
		836F172A1833872A000AAA02 /* 下一位选手.png in Resources */ = {isa = PBXBuildFile; fileRef = 836F17281833872A000AAA02 /* 下一位选手.png */; };
		836F172B1833872A000AAA02 /* 下一位选手@2x.png in Resources */ = {isa = PBXBuildFile; fileRef = 836F17291833872A000AAA02 /* 下一位选手@2x.png */; };
		836F17321833897D000AAA02 /* 触控点.png in Resources */ = {isa = PBXBuildFile; fileRef = 836F172C1833897B000AAA02 /* 触控点.png */; };
		836F17331833897D000AAA02 /* 触控点@2x.png in Resources */ = {isa = PBXBuildFile; fileRef = 836F172D1833897C000AAA02 /* 触控点@2x.png */; };
		836F17341833897D000AAA02 /* 触控清零.png in Resources */ = {isa = PBXBuildFile; fileRef = 836F172E1833897C000AAA02 /* 触控清零.png */; };
		836F17351833897D000AAA02 /* 触控清零@2x.png in Resources */ = {isa = PBXBuildFile; fileRef = 836F172F1833897C000AAA02 /* 触控清零@2x.png */; };
		836F17361833897D000AAA02 /* 触控确认.png in Resources */ = {isa = PBXBuildFile; fileRef = 836F17301833897C000AAA02 /* 触控确认.png */; };
		836F17371833897D000AAA02 /* 触控确认@2x.png in Resources */ = {isa = PBXBuildFile; fileRef = 836F17311833897C000AAA02 /* 触控确认@2x.png */; };
		836F175618338BD1000AAA02 /* d触控1.png in Resources */ = {isa = PBXBuildFile; fileRef = 836F173A18338BCC000AAA02 /* d触控1.png */; };
		836F175718338BD1000AAA02 /* d触控1@2x.png in Resources */ = {isa = PBXBuildFile; fileRef = 836F173B18338BCC000AAA02 /* d触控1@2x.png */; };
		836F175818338BD1000AAA02 /* d触控2.png in Resources */ = {isa = PBXBuildFile; fileRef = 836F173C18338BCD000AAA02 /* d触控2.png */; };
		836F175918338BD1000AAA02 /* d触控2@2x.png in Resources */ = {isa = PBXBuildFile; fileRef = 836F173D18338BCD000AAA02 /* d触控2@2x.png */; };
		836F175A18338BD1000AAA02 /* d触控3.png in Resources */ = {isa = PBXBuildFile; fileRef = 836F173E18338BCD000AAA02 /* d触控3.png */; };
		836F175B18338BD1000AAA02 /* d触控3@2x.png in Resources */ = {isa = PBXBuildFile; fileRef = 836F173F18338BCD000AAA02 /* d触控3@2x.png */; };
		836F175C18338BD1000AAA02 /* d触控4.png in Resources */ = {isa = PBXBuildFile; fileRef = 836F174018338BCE000AAA02 /* d触控4.png */; };
		836F175D18338BD1000AAA02 /* d触控4@2x.png in Resources */ = {isa = PBXBuildFile; fileRef = 836F174118338BCE000AAA02 /* d触控4@2x.png */; };
		836F175E18338BD1000AAA02 /* d触控5.png in Resources */ = {isa = PBXBuildFile; fileRef = 836F174218338BCE000AAA02 /* d触控5.png */; };
		836F175F18338BD1000AAA02 /* d触控5@2x.png in Resources */ = {isa = PBXBuildFile; fileRef = 836F174318338BCE000AAA02 /* d触控5@2x.png */; };
		836F176018338BD1000AAA02 /* d触控6.png in Resources */ = {isa = PBXBuildFile; fileRef = 836F174418338BCE000AAA02 /* d触控6.png */; };
		836F176118338BD1000AAA02 /* d触控6@2x.png in Resources */ = {isa = PBXBuildFile; fileRef = 836F174518338BCF000AAA02 /* d触控6@2x.png */; };
		836F176218338BD1000AAA02 /* d触控7.png in Resources */ = {isa = PBXBuildFile; fileRef = 836F174618338BCF000AAA02 /* d触控7.png */; };
		836F176318338BD1000AAA02 /* d触控7@2x.png in Resources */ = {isa = PBXBuildFile; fileRef = 836F174718338BCF000AAA02 /* d触控7@2x.png */; };
		836F176418338BD1000AAA02 /* d触控8.png in Resources */ = {isa = PBXBuildFile; fileRef = 836F174818338BCF000AAA02 /* d触控8.png */; };
		836F176518338BD1000AAA02 /* d触控8@2x.png in Resources */ = {isa = PBXBuildFile; fileRef = 836F174918338BCF000AAA02 /* d触控8@2x.png */; };
		836F176618338BD1000AAA02 /* d触控9.png in Resources */ = {isa = PBXBuildFile; fileRef = 836F174A18338BD0000AAA02 /* d触控9.png */; };
		836F176718338BD1000AAA02 /* d触控9@2x.png in Resources */ = {isa = PBXBuildFile; fileRef = 836F174B18338BD0000AAA02 /* d触控9@2x.png */; };
		836F176818338BD1000AAA02 /* d触控点.png in Resources */ = {isa = PBXBuildFile; fileRef = 836F174C18338BD0000AAA02 /* d触控点.png */; };
		836F176918338BD1000AAA02 /* d触控点@2x.png in Resources */ = {isa = PBXBuildFile; fileRef = 836F174D18338BD0000AAA02 /* d触控点@2x.png */; };
		836F176A18338BD1000AAA02 /* d触控清零.png in Resources */ = {isa = PBXBuildFile; fileRef = 836F174E18338BD0000AAA02 /* d触控清零.png */; };
		836F176B18338BD1000AAA02 /* d触控清零@2x.png in Resources */ = {isa = PBXBuildFile; fileRef = 836F174F18338BD0000AAA02 /* d触控清零@2x.png */; };
		836F176C18338BD1000AAA02 /* d触控确认.png in Resources */ = {isa = PBXBuildFile; fileRef = 836F175018338BD1000AAA02 /* d触控确认.png */; };
		836F176D18338BD1000AAA02 /* d触控确认@2x.png in Resources */ = {isa = PBXBuildFile; fileRef = 836F175118338BD1000AAA02 /* d触控确认@2x.png */; };
		836F177218338D98000AAA02 /* 下方分割栏.png in Resources */ = {isa = PBXBuildFile; fileRef = 836F177018338D97000AAA02 /* 下方分割栏.png */; };
		836F177318338D98000AAA02 /* 下方分割栏@2x.png in Resources */ = {isa = PBXBuildFile; fileRef = 836F177118338D97000AAA02 /* 下方分割栏@2x.png */; };
		836F177E18338EB6000AAA02 /* 照片边框.png in Resources */ = {isa = PBXBuildFile; fileRef = 836F177C18338EB6000AAA02 /* 照片边框.png */; };
		836F177F18338EB6000AAA02 /* 照片边框@2x.png in Resources */ = {isa = PBXBuildFile; fileRef = 836F177D18338EB6000AAA02 /* 照片边框@2x.png */; };
		836F178218338F3E000AAA02 /* 分数下划线.png in Resources */ = {isa = PBXBuildFile; fileRef = 836F178018338F3D000AAA02 /* 分数下划线.png */; };
		836F178318338F3E000AAA02 /* 分数下划线@2x.png in Resources */ = {isa = PBXBuildFile; fileRef = 836F178118338F3E000AAA02 /* 分数下划线@2x.png */; };
		83949C3818335B1D00F22E2D /* QuartzCore.framework in Frameworks */ = {isa = PBXBuildFile; fileRef = 83949C3718335B1D00F22E2D /* QuartzCore.framework */; };
		83949C3A1833620500F22E2D /* players_info.plist in Resources */ = {isa = PBXBuildFile; fileRef = 83949C391833620500F22E2D /* players_info.plist */; };
/* End PBXBuildFile section */

/* Begin PBXFileReference section */
		8307CC631833960600528BCF /* d触控0.png */ = {isa = PBXFileReference; lastKnownFileType = image.png; path = "d触控0.png"; sourceTree = "<group>"; };
		8307CC641833960600528BCF /* d触控0@2x.png */ = {isa = PBXFileReference; lastKnownFileType = image.png; path = "d触控0@2x.png"; sourceTree = "<group>"; };
		8307CC671833961000528BCF /* d_next.png */ = {isa = PBXFileReference; lastKnownFileType = image.png; path = d_next.png; sourceTree = "<group>"; };
		8307CC681833961000528BCF /* d_next@2x.png */ = {isa = PBXFileReference; lastKnownFileType = image.png; path = "d_next@2x.png"; sourceTree = "<group>"; };
		8307CC6F1833A0FA00528BCF /* icon@2x.png */ = {isa = PBXFileReference; lastKnownFileType = image.png; name = "icon@2x.png"; path = "../icon@2x.png"; sourceTree = "<group>"; };
		8307CC711833A10A00528BCF /* icon.png */ = {isa = PBXFileReference; lastKnownFileType = image.png; name = icon.png; path = ../icon.png; sourceTree = "<group>"; };
		8307CC731833A3D000528BCF /* name_image_1.png */ = {isa = PBXFileReference; lastKnownFileType = image.png; name = name_image_1.png; path = players_img/name_image_1.png; sourceTree = SOURCE_ROOT; };
		8307CC741833A3D000528BCF /* name_image_1@2x.png */ = {isa = PBXFileReference; lastKnownFileType = image.png; name = "name_image_1@2x.png"; path = "players_img/name_image_1@2x.png"; sourceTree = SOURCE_ROOT; };
		8307CC751833A3D000528BCF /* player_image_1.png */ = {isa = PBXFileReference; lastKnownFileType = image.png; name = player_image_1.png; path = players_img/player_image_1.png; sourceTree = SOURCE_ROOT; };
		8307CC761833A3D000528BCF /* player_image_1@2x.png */ = {isa = PBXFileReference; lastKnownFileType = image.png; name = "player_image_1@2x.png"; path = "players_img/player_image_1@2x.png"; sourceTree = SOURCE_ROOT; };
		8307CC7B1833A4E300528BCF /* Reachability.h */ = {isa = PBXFileReference; fileEncoding = 4; lastKnownFileType = sourcecode.c.h; path = Reachability.h; sourceTree = "<group>"; };
		8307CC7C1833A4E300528BCF /* Reachability.m */ = {isa = PBXFileReference; fileEncoding = 4; lastKnownFileType = sourcecode.c.objc; path = Reachability.m; sourceTree = "<group>"; };
		8307CC7E1833A69D00528BCF /* SystemConfiguration.framework */ = {isa = PBXFileReference; lastKnownFileType = wrapper.framework; name = SystemConfiguration.framework; path = System/Library/Frameworks/SystemConfiguration.framework; sourceTree = SDKROOT; };
		83490E73182F262800E38306 /* GiveMe5.app */ = {isa = PBXFileReference; explicitFileType = wrapper.application; includeInIndex = 0; path = GiveMe5.app; sourceTree = BUILT_PRODUCTS_DIR; };
		83490E76182F262800E38306 /* UIKit.framework */ = {isa = PBXFileReference; lastKnownFileType = wrapper.framework; name = UIKit.framework; path = System/Library/Frameworks/UIKit.framework; sourceTree = SDKROOT; };
		83490E78182F262800E38306 /* Foundation.framework */ = {isa = PBXFileReference; lastKnownFileType = wrapper.framework; name = Foundation.framework; path = System/Library/Frameworks/Foundation.framework; sourceTree = SDKROOT; };
		83490E7A182F262800E38306 /* CoreGraphics.framework */ = {isa = PBXFileReference; lastKnownFileType = wrapper.framework; name = CoreGraphics.framework; path = System/Library/Frameworks/CoreGraphics.framework; sourceTree = SDKROOT; };
		83490E7E182F262800E38306 /* GiveMe5-Info.plist */ = {isa = PBXFileReference; lastKnownFileType = text.plist.xml; path = "GiveMe5-Info.plist"; sourceTree = "<group>"; };
		83490E80182F262800E38306 /* en */ = {isa = PBXFileReference; lastKnownFileType = text.plist.strings; name = en; path = en.lproj/InfoPlist.strings; sourceTree = "<group>"; };
		83490E82182F262800E38306 /* main.m */ = {isa = PBXFileReference; lastKnownFileType = sourcecode.c.objc; path = main.m; sourceTree = "<group>"; };
		83490E84182F262800E38306 /* GiveMe5-Prefix.pch */ = {isa = PBXFileReference; lastKnownFileType = sourcecode.c.h; path = "GiveMe5-Prefix.pch"; sourceTree = "<group>"; };
		83490E85182F262800E38306 /* AppDelegate.h */ = {isa = PBXFileReference; lastKnownFileType = sourcecode.c.h; path = AppDelegate.h; sourceTree = "<group>"; };
		83490E86182F262900E38306 /* AppDelegate.m */ = {isa = PBXFileReference; lastKnownFileType = sourcecode.c.objc; path = AppDelegate.m; sourceTree = "<group>"; };
		83490E88182F262900E38306 /* Default.png */ = {isa = PBXFileReference; lastKnownFileType = image.png; path = Default.png; sourceTree = "<group>"; };
		83490E8A182F262900E38306 /* Default@2x.png */ = {isa = PBXFileReference; lastKnownFileType = image.png; path = "Default@2x.png"; sourceTree = "<group>"; };
		83490E8C182F262900E38306 /* Default-568h@2x.png */ = {isa = PBXFileReference; lastKnownFileType = image.png; path = "Default-568h@2x.png"; sourceTree = "<group>"; };
		83490E8E182F262900E38306 /* ViewController.h */ = {isa = PBXFileReference; lastKnownFileType = sourcecode.c.h; path = ViewController.h; sourceTree = "<group>"; };
		83490E8F182F262900E38306 /* ViewController.m */ = {isa = PBXFileReference; lastKnownFileType = sourcecode.c.objc; path = ViewController.m; sourceTree = "<group>"; };
		83490E92182F262900E38306 /* en */ = {isa = PBXFileReference; lastKnownFileType = file.xib; name = en; path = en.lproj/ViewController.xib; sourceTree = "<group>"; };
		836F16F618338439000AAA02 /* bg.png */ = {isa = PBXFileReference; lastKnownFileType = image.png; path = bg.png; sourceTree = "<group>"; };
		836F16F718338439000AAA02 /* bg@2x.png */ = {isa = PBXFileReference; lastKnownFileType = image.png; path = "bg@2x.png"; sourceTree = "<group>"; };
		836F16F818338439000AAA02 /* 评委打分器.jpg */ = {isa = PBXFileReference; lastKnownFileType = image.jpeg; path = "评委打分器.jpg"; sourceTree = "<group>"; };
		836F16FC183385A4000AAA02 /* 分.png */ = {isa = PBXFileReference; lastKnownFileType = image.png; path = "分.png"; sourceTree = "<group>"; };
		836F16FD183385A4000AAA02 /* 分@2x.png */ = {isa = PBXFileReference; lastKnownFileType = image.png; path = "分@2x.png"; sourceTree = "<group>"; };
		836F170018338722000AAA02 /* 触控0.png */ = {isa = PBXFileReference; lastKnownFileType = image.png; path = "触控0.png"; sourceTree = "<group>"; };
		836F170118338722000AAA02 /* 触控0@2x.png */ = {isa = PBXFileReference; lastKnownFileType = image.png; path = "触控0@2x.png"; sourceTree = "<group>"; };
		836F170218338722000AAA02 /* 触控1.png */ = {isa = PBXFileReference; lastKnownFileType = image.png; path = "触控1.png"; sourceTree = "<group>"; };
		836F170318338722000AAA02 /* 触控1@2x.png */ = {isa = PBXFileReference; lastKnownFileType = image.png; path = "触控1@2x.png"; sourceTree = "<group>"; };
		836F170418338722000AAA02 /* 触控2.png */ = {isa = PBXFileReference; lastKnownFileType = image.png; path = "触控2.png"; sourceTree = "<group>"; };
		836F170518338722000AAA02 /* 触控2@2x.png */ = {isa = PBXFileReference; lastKnownFileType = image.png; path = "触控2@2x.png"; sourceTree = "<group>"; };
		836F170618338722000AAA02 /* 触控3.png */ = {isa = PBXFileReference; lastKnownFileType = image.png; path = "触控3.png"; sourceTree = "<group>"; };
		836F170718338722000AAA02 /* 触控3@2x.png */ = {isa = PBXFileReference; lastKnownFileType = image.png; path = "触控3@2x.png"; sourceTree = "<group>"; };
		836F170818338722000AAA02 /* 触控4.png */ = {isa = PBXFileReference; lastKnownFileType = image.png; path = "触控4.png"; sourceTree = "<group>"; };
		836F170918338722000AAA02 /* 触控4@2x.png */ = {isa = PBXFileReference; lastKnownFileType = image.png; path = "触控4@2x.png"; sourceTree = "<group>"; };
		836F170A18338722000AAA02 /* 触控5.png */ = {isa = PBXFileReference; lastKnownFileType = image.png; path = "触控5.png"; sourceTree = "<group>"; };
		836F170B18338722000AAA02 /* 触控5@2x.png */ = {isa = PBXFileReference; lastKnownFileType = image.png; path = "触控5@2x.png"; sourceTree = "<group>"; };
		836F170C18338722000AAA02 /* 触控6.png */ = {isa = PBXFileReference; lastKnownFileType = image.png; path = "触控6.png"; sourceTree = "<group>"; };
		836F170D18338722000AAA02 /* 触控6@2x.png */ = {isa = PBXFileReference; lastKnownFileType = image.png; path = "触控6@2x.png"; sourceTree = "<group>"; };
		836F170E18338722000AAA02 /* 触控7.png */ = {isa = PBXFileReference; lastKnownFileType = image.png; path = "触控7.png"; sourceTree = "<group>"; };
		836F170F18338722000AAA02 /* 触控7@2x.png */ = {isa = PBXFileReference; lastKnownFileType = image.png; path = "触控7@2x.png"; sourceTree = "<group>"; };
		836F171018338722000AAA02 /* 触控8.png */ = {isa = PBXFileReference; lastKnownFileType = image.png; path = "触控8.png"; sourceTree = "<group>"; };
		836F171118338722000AAA02 /* 触控8@2x.png */ = {isa = PBXFileReference; lastKnownFileType = image.png; path = "触控8@2x.png"; sourceTree = "<group>"; };
		836F171218338722000AAA02 /* 触控9.png */ = {isa = PBXFileReference; lastKnownFileType = image.png; path = "触控9.png"; sourceTree = "<group>"; };
		836F171318338722000AAA02 /* 触控9@2x.png */ = {isa = PBXFileReference; lastKnownFileType = image.png; path = "触控9@2x.png"; sourceTree = "<group>"; };
		836F17281833872A000AAA02 /* 下一位选手.png */ = {isa = PBXFileReference; lastKnownFileType = image.png; path = "下一位选手.png"; sourceTree = "<group>"; };
		836F17291833872A000AAA02 /* 下一位选手@2x.png */ = {isa = PBXFileReference; lastKnownFileType = image.png; path = "下一位选手@2x.png"; sourceTree = "<group>"; };
		836F172C1833897B000AAA02 /* 触控点.png */ = {isa = PBXFileReference; lastKnownFileType = image.png; path = "触控点.png"; sourceTree = "<group>"; };
		836F172D1833897C000AAA02 /* 触控点@2x.png */ = {isa = PBXFileReference; lastKnownFileType = image.png; path = "触控点@2x.png"; sourceTree = "<group>"; };
		836F172E1833897C000AAA02 /* 触控清零.png */ = {isa = PBXFileReference; lastKnownFileType = image.png; path = "触控清零.png"; sourceTree = "<group>"; };
		836F172F1833897C000AAA02 /* 触控清零@2x.png */ = {isa = PBXFileReference; lastKnownFileType = image.png; path = "触控清零@2x.png"; sourceTree = "<group>"; };
		836F17301833897C000AAA02 /* 触控确认.png */ = {isa = PBXFileReference; lastKnownFileType = image.png; path = "触控确认.png"; sourceTree = "<group>"; };
		836F17311833897C000AAA02 /* 触控确认@2x.png */ = {isa = PBXFileReference; lastKnownFileType = image.png; path = "触控确认@2x.png"; sourceTree = "<group>"; };
		836F173A18338BCC000AAA02 /* d触控1.png */ = {isa = PBXFileReference; lastKnownFileType = image.png; path = "d触控1.png"; sourceTree = "<group>"; };
		836F173B18338BCC000AAA02 /* d触控1@2x.png */ = {isa = PBXFileReference; lastKnownFileType = image.png; path = "d触控1@2x.png"; sourceTree = "<group>"; };
		836F173C18338BCD000AAA02 /* d触控2.png */ = {isa = PBXFileReference; lastKnownFileType = image.png; path = "d触控2.png"; sourceTree = "<group>"; };
		836F173D18338BCD000AAA02 /* d触控2@2x.png */ = {isa = PBXFileReference; lastKnownFileType = image.png; path = "d触控2@2x.png"; sourceTree = "<group>"; };
		836F173E18338BCD000AAA02 /* d触控3.png */ = {isa = PBXFileReference; lastKnownFileType = image.png; path = "d触控3.png"; sourceTree = "<group>"; };
		836F173F18338BCD000AAA02 /* d触控3@2x.png */ = {isa = PBXFileReference; lastKnownFileType = image.png; path = "d触控3@2x.png"; sourceTree = "<group>"; };
		836F174018338BCE000AAA02 /* d触控4.png */ = {isa = PBXFileReference; lastKnownFileType = image.png; path = "d触控4.png"; sourceTree = "<group>"; };
		836F174118338BCE000AAA02 /* d触控4@2x.png */ = {isa = PBXFileReference; lastKnownFileType = image.png; path = "d触控4@2x.png"; sourceTree = "<group>"; };
		836F174218338BCE000AAA02 /* d触控5.png */ = {isa = PBXFileReference; lastKnownFileType = image.png; path = "d触控5.png"; sourceTree = "<group>"; };
		836F174318338BCE000AAA02 /* d触控5@2x.png */ = {isa = PBXFileReference; lastKnownFileType = image.png; path = "d触控5@2x.png"; sourceTree = "<group>"; };
		836F174418338BCE000AAA02 /* d触控6.png */ = {isa = PBXFileReference; lastKnownFileType = image.png; path = "d触控6.png"; sourceTree = "<group>"; };
		836F174518338BCF000AAA02 /* d触控6@2x.png */ = {isa = PBXFileReference; lastKnownFileType = image.png; path = "d触控6@2x.png"; sourceTree = "<group>"; };
		836F174618338BCF000AAA02 /* d触控7.png */ = {isa = PBXFileReference; lastKnownFileType = image.png; path = "d触控7.png"; sourceTree = "<group>"; };
		836F174718338BCF000AAA02 /* d触控7@2x.png */ = {isa = PBXFileReference; lastKnownFileType = image.png; path = "d触控7@2x.png"; sourceTree = "<group>"; };
		836F174818338BCF000AAA02 /* d触控8.png */ = {isa = PBXFileReference; lastKnownFileType = image.png; path = "d触控8.png"; sourceTree = "<group>"; };
		836F174918338BCF000AAA02 /* d触控8@2x.png */ = {isa = PBXFileReference; lastKnownFileType = image.png; path = "d触控8@2x.png"; sourceTree = "<group>"; };
		836F174A18338BD0000AAA02 /* d触控9.png */ = {isa = PBXFileReference; lastKnownFileType = image.png; path = "d触控9.png"; sourceTree = "<group>"; };
		836F174B18338BD0000AAA02 /* d触控9@2x.png */ = {isa = PBXFileReference; lastKnownFileType = image.png; path = "d触控9@2x.png"; sourceTree = "<group>"; };
		836F174C18338BD0000AAA02 /* d触控点.png */ = {isa = PBXFileReference; lastKnownFileType = image.png; path = "d触控点.png"; sourceTree = "<group>"; };
		836F174D18338BD0000AAA02 /* d触控点@2x.png */ = {isa = PBXFileReference; lastKnownFileType = image.png; path = "d触控点@2x.png"; sourceTree = "<group>"; };
		836F174E18338BD0000AAA02 /* d触控清零.png */ = {isa = PBXFileReference; lastKnownFileType = image.png; path = "d触控清零.png"; sourceTree = "<group>"; };
		836F174F18338BD0000AAA02 /* d触控清零@2x.png */ = {isa = PBXFileReference; lastKnownFileType = image.png; path = "d触控清零@2x.png"; sourceTree = "<group>"; };
		836F175018338BD1000AAA02 /* d触控确认.png */ = {isa = PBXFileReference; lastKnownFileType = image.png; path = "d触控确认.png"; sourceTree = "<group>"; };
		836F175118338BD1000AAA02 /* d触控确认@2x.png */ = {isa = PBXFileReference; lastKnownFileType = image.png; path = "d触控确认@2x.png"; sourceTree = "<group>"; };
		836F177018338D97000AAA02 /* 下方分割栏.png */ = {isa = PBXFileReference; lastKnownFileType = image.png; path = "下方分割栏.png"; sourceTree = "<group>"; };
		836F177118338D97000AAA02 /* 下方分割栏@2x.png */ = {isa = PBXFileReference; lastKnownFileType = image.png; path = "下方分割栏@2x.png"; sourceTree = "<group>"; };
		836F177C18338EB6000AAA02 /* 照片边框.png */ = {isa = PBXFileReference; lastKnownFileType = image.png; path = "照片边框.png"; sourceTree = "<group>"; };
		836F177D18338EB6000AAA02 /* 照片边框@2x.png */ = {isa = PBXFileReference; lastKnownFileType = image.png; path = "照片边框@2x.png"; sourceTree = "<group>"; };
		836F178018338F3D000AAA02 /* 分数下划线.png */ = {isa = PBXFileReference; lastKnownFileType = image.png; path = "分数下划线.png"; sourceTree = "<group>"; };
		836F178118338F3E000AAA02 /* 分数下划线@2x.png */ = {isa = PBXFileReference; lastKnownFileType = image.png; path = "分数下划线@2x.png"; sourceTree = "<group>"; };
		83949C3718335B1D00F22E2D /* QuartzCore.framework */ = {isa = PBXFileReference; lastKnownFileType = wrapper.framework; name = QuartzCore.framework; path = System/Library/Frameworks/QuartzCore.framework; sourceTree = SDKROOT; };
		83949C391833620500F22E2D /* players_info.plist */ = {isa = PBXFileReference; fileEncoding = 4; lastKnownFileType = text.plist.xml; path = players_info.plist; sourceTree = "<group>"; };
		83F89675182F31710006CEC7 /* constant.h */ = {isa = PBXFileReference; fileEncoding = 4; lastKnownFileType = sourcecode.c.h; path = constant.h; sourceTree = "<group>"; };
/* End PBXFileReference section */

/* Begin PBXFrameworksBuildPhase section */
		83490E70182F262800E38306 /* Frameworks */ = {
			isa = PBXFrameworksBuildPhase;
			buildActionMask = 2147483647;
			files = (
				8307CC7F1833A69D00528BCF /* SystemConfiguration.framework in Frameworks */,
				83949C3818335B1D00F22E2D /* QuartzCore.framework in Frameworks */,
				83490E77182F262800E38306 /* UIKit.framework in Frameworks */,
				83490E79182F262800E38306 /* Foundation.framework in Frameworks */,
				83490E7B182F262800E38306 /* CoreGraphics.framework in Frameworks */,
			);
			runOnlyForDeploymentPostprocessing = 0;
		};
/* End PBXFrameworksBuildPhase section */

/* Begin PBXGroup section */
		83490E6A182F262800E38306 = {
			isa = PBXGroup;
			children = (
				8307CC7E1833A69D00528BCF /* SystemConfiguration.framework */,
				83949C3718335B1D00F22E2D /* QuartzCore.framework */,
				836F16F518338439000AAA02 /* src_img */,
				83490E99182F2A3C00E38306 /* player_images */,
				83490E7C182F262800E38306 /* GiveMe5 */,
				83490E75182F262800E38306 /* Frameworks */,
				83490E74182F262800E38306 /* Products */,
			);
			sourceTree = "<group>";
		};
		83490E74182F262800E38306 /* Products */ = {
			isa = PBXGroup;
			children = (
				83490E73182F262800E38306 /* GiveMe5.app */,
			);
			name = Products;
			sourceTree = "<group>";
		};
		83490E75182F262800E38306 /* Frameworks */ = {
			isa = PBXGroup;
			children = (
				83490E76182F262800E38306 /* UIKit.framework */,
				83490E78182F262800E38306 /* Foundation.framework */,
				83490E7A182F262800E38306 /* CoreGraphics.framework */,
			);
			name = Frameworks;
			sourceTree = "<group>";
		};
		83490E7C182F262800E38306 /* GiveMe5 */ = {
			isa = PBXGroup;
			children = (
				8307CC7B1833A4E300528BCF /* Reachability.h */,
				8307CC7C1833A4E300528BCF /* Reachability.m */,
				83F89675182F31710006CEC7 /* constant.h */,
				83490E85182F262800E38306 /* AppDelegate.h */,
				83490E86182F262900E38306 /* AppDelegate.m */,
				83490E8E182F262900E38306 /* ViewController.h */,
				83490E8F182F262900E38306 /* ViewController.m */,
				83490E91182F262900E38306 /* ViewController.xib */,
				83490E7D182F262800E38306 /* Supporting Files */,
			);
			path = GiveMe5;
			sourceTree = "<group>";
		};
		83490E7D182F262800E38306 /* Supporting Files */ = {
			isa = PBXGroup;
			children = (
				83490E7E182F262800E38306 /* GiveMe5-Info.plist */,
				83490E7F182F262800E38306 /* InfoPlist.strings */,
				83490E82182F262800E38306 /* main.m */,
				83490E84182F262800E38306 /* GiveMe5-Prefix.pch */,
				83490E88182F262900E38306 /* Default.png */,
				83490E8A182F262900E38306 /* Default@2x.png */,
				83490E8C182F262900E38306 /* Default-568h@2x.png */,
				83949C391833620500F22E2D /* players_info.plist */,
			);
			name = "Supporting Files";
			sourceTree = "<group>";
		};
		83490E99182F2A3C00E38306 /* player_images */ = {
			isa = PBXGroup;
			children = (
				8307CC731833A3D000528BCF /* name_image_1.png */,
				8307CC741833A3D000528BCF /* name_image_1@2x.png */,
				8307CC751833A3D000528BCF /* player_image_1.png */,
				8307CC761833A3D000528BCF /* player_image_1@2x.png */,
			);
			name = player_images;
			path = images;
			sourceTree = "<group>";
		};
		836F16F518338439000AAA02 /* src_img */ = {
			isa = PBXGroup;
			children = (
				8307CC711833A10A00528BCF /* icon.png */,
				8307CC6F1833A0FA00528BCF /* icon@2x.png */,
				8307CC671833961000528BCF /* d_next.png */,
				8307CC681833961000528BCF /* d_next@2x.png */,
				8307CC631833960600528BCF /* d触控0.png */,
				8307CC641833960600528BCF /* d触控0@2x.png */,
				836F178018338F3D000AAA02 /* 分数下划线.png */,
				836F178118338F3E000AAA02 /* 分数下划线@2x.png */,
				836F177018338D97000AAA02 /* 下方分割栏.png */,
				836F177118338D97000AAA02 /* 下方分割栏@2x.png */,
				836F173A18338BCC000AAA02 /* d触控1.png */,
				836F173B18338BCC000AAA02 /* d触控1@2x.png */,
				836F173C18338BCD000AAA02 /* d触控2.png */,
				836F173D18338BCD000AAA02 /* d触控2@2x.png */,
				836F173E18338BCD000AAA02 /* d触控3.png */,
				836F173F18338BCD000AAA02 /* d触控3@2x.png */,
				836F174018338BCE000AAA02 /* d触控4.png */,
				836F174118338BCE000AAA02 /* d触控4@2x.png */,
				836F174218338BCE000AAA02 /* d触控5.png */,
				836F174318338BCE000AAA02 /* d触控5@2x.png */,
				836F174418338BCE000AAA02 /* d触控6.png */,
				836F174518338BCF000AAA02 /* d触控6@2x.png */,
				836F174618338BCF000AAA02 /* d触控7.png */,
				836F174718338BCF000AAA02 /* d触控7@2x.png */,
				836F174818338BCF000AAA02 /* d触控8.png */,
				836F174918338BCF000AAA02 /* d触控8@2x.png */,
				836F174A18338BD0000AAA02 /* d触控9.png */,
				836F174B18338BD0000AAA02 /* d触控9@2x.png */,
				836F174C18338BD0000AAA02 /* d触控点.png */,
				836F174D18338BD0000AAA02 /* d触控点@2x.png */,
				836F174E18338BD0000AAA02 /* d触控清零.png */,
				836F174F18338BD0000AAA02 /* d触控清零@2x.png */,
				836F175018338BD1000AAA02 /* d触控确认.png */,
				836F175118338BD1000AAA02 /* d触控确认@2x.png */,
				836F177C18338EB6000AAA02 /* 照片边框.png */,
				836F177D18338EB6000AAA02 /* 照片边框@2x.png */,
				836F172C1833897B000AAA02 /* 触控点.png */,
				836F172D1833897C000AAA02 /* 触控点@2x.png */,
				836F172E1833897C000AAA02 /* 触控清零.png */,
				836F172F1833897C000AAA02 /* 触控清零@2x.png */,
				836F17301833897C000AAA02 /* 触控确认.png */,
				836F17311833897C000AAA02 /* 触控确认@2x.png */,
				836F16F618338439000AAA02 /* bg.png */,
				836F16F718338439000AAA02 /* bg@2x.png */,
				836F16F818338439000AAA02 /* 评委打分器.jpg */,
				836F16FC183385A4000AAA02 /* 分.png */,
				836F16FD183385A4000AAA02 /* 分@2x.png */,
				836F170018338722000AAA02 /* 触控0.png */,
				836F170118338722000AAA02 /* 触控0@2x.png */,
				836F170218338722000AAA02 /* 触控1.png */,
				836F170318338722000AAA02 /* 触控1@2x.png */,
				836F170418338722000AAA02 /* 触控2.png */,
				836F170518338722000AAA02 /* 触控2@2x.png */,
				836F170618338722000AAA02 /* 触控3.png */,
				836F170718338722000AAA02 /* 触控3@2x.png */,
				836F170818338722000AAA02 /* 触控4.png */,
				836F170918338722000AAA02 /* 触控4@2x.png */,
				836F170A18338722000AAA02 /* 触控5.png */,
				836F170B18338722000AAA02 /* 触控5@2x.png */,
				836F170C18338722000AAA02 /* 触控6.png */,
				836F170D18338722000AAA02 /* 触控6@2x.png */,
				836F170E18338722000AAA02 /* 触控7.png */,
				836F170F18338722000AAA02 /* 触控7@2x.png */,
				836F171018338722000AAA02 /* 触控8.png */,
				836F171118338722000AAA02 /* 触控8@2x.png */,
				836F171218338722000AAA02 /* 触控9.png */,
				836F171318338722000AAA02 /* 触控9@2x.png */,
				836F17281833872A000AAA02 /* 下一位选手.png */,
				836F17291833872A000AAA02 /* 下一位选手@2x.png */,
			);
			path = src_img;
			sourceTree = "<group>";
		};
/* End PBXGroup section */

/* Begin PBXNativeTarget section */
		83490E72182F262800E38306 /* GiveMe5 */ = {
			isa = PBXNativeTarget;
			buildConfigurationList = 83490E96182F262900E38306 /* Build configuration list for PBXNativeTarget "GiveMe5" */;
			buildPhases = (
				83490E6F182F262800E38306 /* Sources */,
				83490E70182F262800E38306 /* Frameworks */,
				83490E71182F262800E38306 /* Resources */,
				83C17288182F6FA300E2387F /* ShellScript */,
			);
			buildRules = (
			);
			dependencies = (
			);
			name = GiveMe5;
			productName = GiveMe5;
			productReference = 83490E73182F262800E38306 /* GiveMe5.app */;
			productType = "com.apple.product-type.application";
		};
/* End PBXNativeTarget section */

/* Begin PBXProject section */
		83490E6B182F262800E38306 /* Project object */ = {
			isa = PBXProject;
			attributes = {
				LastUpgradeCheck = 0460;
				ORGANIZATIONNAME = "Wang JZ";
			};
			buildConfigurationList = 83490E6E182F262800E38306 /* Build configuration list for PBXProject "GiveMe5" */;
			compatibilityVersion = "Xcode 3.2";
			developmentRegion = English;
			hasScannedForEncodings = 0;
			knownRegions = (
				en,
			);
			mainGroup = 83490E6A182F262800E38306;
			productRefGroup = 83490E74182F262800E38306 /* Products */;
			projectDirPath = "";
			projectRoot = "";
			targets = (
				83490E72182F262800E38306 /* GiveMe5 */,
			);
		};
/* End PBXProject section */

/* Begin PBXResourcesBuildPhase section */
		83490E71182F262800E38306 /* Resources */ = {
			isa = PBXResourcesBuildPhase;
			buildActionMask = 2147483647;
			files = (
				83490E81182F262800E38306 /* InfoPlist.strings in Resources */,
				83490E89182F262900E38306 /* Default.png in Resources */,
				83490E8B182F262900E38306 /* Default@2x.png in Resources */,
				83490E8D182F262900E38306 /* Default-568h@2x.png in Resources */,
				83490E93182F262900E38306 /* ViewController.xib in Resources */,
				83949C3A1833620500F22E2D /* players_info.plist in Resources */,
				836F16F918338439000AAA02 /* bg.png in Resources */,
				836F16FA18338439000AAA02 /* bg@2x.png in Resources */,
				836F16FB18338439000AAA02 /* 评委打分器.jpg in Resources */,
				836F16FE183385A4000AAA02 /* 分.png in Resources */,
				836F16FF183385A4000AAA02 /* 分@2x.png in Resources */,
				836F171418338722000AAA02 /* 触控0.png in Resources */,
				836F171518338722000AAA02 /* 触控0@2x.png in Resources */,
				836F171618338722000AAA02 /* 触控1.png in Resources */,
				836F171718338722000AAA02 /* 触控1@2x.png in Resources */,
				836F171818338722000AAA02 /* 触控2.png in Resources */,
				836F171918338722000AAA02 /* 触控2@2x.png in Resources */,
				836F171A18338722000AAA02 /* 触控3.png in Resources */,
				836F171B18338722000AAA02 /* 触控3@2x.png in Resources */,
				836F171C18338722000AAA02 /* 触控4.png in Resources */,
				836F171D18338722000AAA02 /* 触控4@2x.png in Resources */,
				836F171E18338722000AAA02 /* 触控5.png in Resources */,
				836F171F18338722000AAA02 /* 触控5@2x.png in Resources */,
				836F172018338722000AAA02 /* 触控6.png in Resources */,
				836F172118338722000AAA02 /* 触控6@2x.png in Resources */,
				836F172218338722000AAA02 /* 触控7.png in Resources */,
				836F172318338722000AAA02 /* 触控7@2x.png in Resources */,
				836F172418338722000AAA02 /* 触控8.png in Resources */,
				836F172518338722000AAA02 /* 触控8@2x.png in Resources */,
				836F172618338722000AAA02 /* 触控9.png in Resources */,
				836F172718338722000AAA02 /* 触控9@2x.png in Resources */,
				836F172A1833872A000AAA02 /* 下一位选手.png in Resources */,
				836F172B1833872A000AAA02 /* 下一位选手@2x.png in Resources */,
				836F17321833897D000AAA02 /* 触控点.png in Resources */,
				836F17331833897D000AAA02 /* 触控点@2x.png in Resources */,
				836F17341833897D000AAA02 /* 触控清零.png in Resources */,
				836F17351833897D000AAA02 /* 触控清零@2x.png in Resources */,
				836F17361833897D000AAA02 /* 触控确认.png in Resources */,
				836F17371833897D000AAA02 /* 触控确认@2x.png in Resources */,
				836F175618338BD1000AAA02 /* d触控1.png in Resources */,
				836F175718338BD1000AAA02 /* d触控1@2x.png in Resources */,
				836F175818338BD1000AAA02 /* d触控2.png in Resources */,
				836F175918338BD1000AAA02 /* d触控2@2x.png in Resources */,
				836F175A18338BD1000AAA02 /* d触控3.png in Resources */,
				836F175B18338BD1000AAA02 /* d触控3@2x.png in Resources */,
				836F175C18338BD1000AAA02 /* d触控4.png in Resources */,
				836F175D18338BD1000AAA02 /* d触控4@2x.png in Resources */,
				836F175E18338BD1000AAA02 /* d触控5.png in Resources */,
				836F175F18338BD1000AAA02 /* d触控5@2x.png in Resources */,
				836F176018338BD1000AAA02 /* d触控6.png in Resources */,
				836F176118338BD1000AAA02 /* d触控6@2x.png in Resources */,
				836F176218338BD1000AAA02 /* d触控7.png in Resources */,
				836F176318338BD1000AAA02 /* d触控7@2x.png in Resources */,
				836F176418338BD1000AAA02 /* d触控8.png in Resources */,
				836F176518338BD1000AAA02 /* d触控8@2x.png in Resources */,
				836F176618338BD1000AAA02 /* d触控9.png in Resources */,
				836F176718338BD1000AAA02 /* d触控9@2x.png in Resources */,
				836F176818338BD1000AAA02 /* d触控点.png in Resources */,
				836F176918338BD1000AAA02 /* d触控点@2x.png in Resources */,
				836F176A18338BD1000AAA02 /* d触控清零.png in Resources */,
				836F176B18338BD1000AAA02 /* d触控清零@2x.png in Resources */,
				836F176C18338BD1000AAA02 /* d触控确认.png in Resources */,
				836F176D18338BD1000AAA02 /* d触控确认@2x.png in Resources */,
				836F177218338D98000AAA02 /* 下方分割栏.png in Resources */,
				836F177318338D98000AAA02 /* 下方分割栏@2x.png in Resources */,
				836F177E18338EB6000AAA02 /* 照片边框.png in Resources */,
				836F177F18338EB6000AAA02 /* 照片边框@2x.png in Resources */,
				836F178218338F3E000AAA02 /* 分数下划线.png in Resources */,
				836F178318338F3E000AAA02 /* 分数下划线@2x.png in Resources */,
				8307CC651833960600528BCF /* d触控0.png in Resources */,
				8307CC661833960600528BCF /* d触控0@2x.png in Resources */,
				8307CC691833961000528BCF /* d_next.png in Resources */,
				8307CC6A1833961000528BCF /* d_next@2x.png in Resources */,
				8307CC701833A0FA00528BCF /* icon@2x.png in Resources */,
				8307CC721833A10A00528BCF /* icon.png in Resources */,
				8307CC771833A3D000528BCF /* name_image_1.png in Resources */,
				8307CC781833A3D000528BCF /* name_image_1@2x.png in Resources */,
				8307CC791833A3D000528BCF /* player_image_1.png in Resources */,
				8307CC7A1833A3D000528BCF /* player_image_1@2x.png in Resources */,
			);
			runOnlyForDeploymentPostprocessing = 0;
		};
/* End PBXResourcesBuildPhase section */

/* Begin PBXShellScriptBuildPhase section */
		83C17288182F6FA300E2387F /* ShellScript */ = {
			isa = PBXShellScriptBuildPhase;
			buildActionMask = 2147483647;
			files = (
			);
			inputPaths = (
			);
			outputPaths = (
			);
			runOnlyForDeploymentPostprocessing = 0;
			shellPath = /bin/sh;
			shellScript = "export CODESIGN_ALLOCATE=/Applications/Xcode.app/Contents/Developer/Platforms/iPhoneOS.platform/Developer/usr/bin/codesign_allocate\nif [ \"${PLATFORM_NAME}\" == \"iphoneos\" ] || [ \"${PLATFORM_NAME}\" == \"ipados\" ]; then\n/Applications/Xcode.app/Contents/Developer/iphoneentitlements/gen_entitlements.py \"my.company.${PROJECT_NAME}\" \"${BUILT_PRODUCTS_DIR}/${WRAPPER_NAME}/${PROJECT_NAME}.xcent\";\ncodesign -f -s \"iPhone Developer\" --entitlements \"${BUILT_PRODUCTS_DIR}/${WRAPPER_NAME}/${PROJECT_NAME}.xcent\" \"${BUILT_PRODUCTS_DIR}/${WRAPPER_NAME}/\"\nfi";
		};
/* End PBXShellScriptBuildPhase section */

/* Begin PBXSourcesBuildPhase section */
		83490E6F182F262800E38306 /* Sources */ = {
			isa = PBXSourcesBuildPhase;
			buildActionMask = 2147483647;
			files = (
				83490E83182F262800E38306 /* main.m in Sources */,
				83490E87182F262900E38306 /* AppDelegate.m in Sources */,
				83490E90182F262900E38306 /* ViewController.m in Sources */,
				8307CC7D1833A4E300528BCF /* Reachability.m in Sources */,
			);
			runOnlyForDeploymentPostprocessing = 0;
		};
/* End PBXSourcesBuildPhase section */

/* Begin PBXVariantGroup section */
		83490E7F182F262800E38306 /* InfoPlist.strings */ = {
			isa = PBXVariantGroup;
			children = (
				83490E80182F262800E38306 /* en */,
			);
			name = InfoPlist.strings;
			sourceTree = "<group>";
		};
		83490E91182F262900E38306 /* ViewController.xib */ = {
			isa = PBXVariantGroup;
			children = (
				83490E92182F262900E38306 /* en */,
			);
			name = ViewController.xib;
			sourceTree = "<group>";
		};
/* End PBXVariantGroup section */

/* Begin XCBuildConfiguration section */
		83490E94182F262900E38306 /* Debug */ = {
			isa = XCBuildConfiguration;
			buildSettings = {
				ALWAYS_SEARCH_USER_PATHS = NO;
				CLANG_CXX_LANGUAGE_STANDARD = "gnu++0x";
				CLANG_CXX_LIBRARY = "libc++";
				CLANG_WARN_CONSTANT_CONVERSION = YES;
				CLANG_WARN_EMPTY_BODY = YES;
				CLANG_WARN_ENUM_CONVERSION = YES;
				CLANG_WARN_INT_CONVERSION = YES;
				CLANG_WARN__DUPLICATE_METHOD_MATCH = YES;
				CODE_SIGN_ENTITLEMENTS = Entitlements.plist;
				CODE_SIGN_IDENTITY = "";
				"CODE_SIGN_IDENTITY[sdk=iphoneos*]" = "iPhone Developer";
				COPY_PHASE_STRIP = NO;
				GCC_C_LANGUAGE_STANDARD = gnu99;
				GCC_DYNAMIC_NO_PIC = NO;
				GCC_OPTIMIZATION_LEVEL = 0;
				GCC_PREPROCESSOR_DEFINITIONS = (
					"DEBUG=1",
					"$(inherited)",
				);
				GCC_SYMBOLS_PRIVATE_EXTERN = NO;
				GCC_WARN_ABOUT_RETURN_TYPE = YES;
				GCC_WARN_UNINITIALIZED_AUTOS = YES;
				GCC_WARN_UNUSED_VARIABLE = YES;
				IPHONEOS_DEPLOYMENT_TARGET = 5.0;
				ONLY_ACTIVE_ARCH = YES;
				"PROVISIONING_PROFILE[sdk=iphoneos*]" = "";
				SDKROOT = iphoneos;
				TARGETED_DEVICE_FAMILY = 2;
			};
			name = Debug;
		};
		83490E95182F262900E38306 /* Release */ = {
			isa = XCBuildConfiguration;
			buildSettings = {
				ALWAYS_SEARCH_USER_PATHS = NO;
				CLANG_CXX_LANGUAGE_STANDARD = "gnu++0x";
				CLANG_CXX_LIBRARY = "libc++";
				CLANG_WARN_CONSTANT_CONVERSION = YES;
				CLANG_WARN_EMPTY_BODY = YES;
				CLANG_WARN_ENUM_CONVERSION = YES;
				CLANG_WARN_INT_CONVERSION = YES;
				CLANG_WARN__DUPLICATE_METHOD_MATCH = YES;
				CODE_SIGN_ENTITLEMENTS = Entitlements.plist;
				CODE_SIGN_IDENTITY = "";
				"CODE_SIGN_IDENTITY[sdk=iphoneos*]" = "iPhone Developer";
				COPY_PHASE_STRIP = YES;
				GCC_C_LANGUAGE_STANDARD = gnu99;
				GCC_WARN_ABOUT_RETURN_TYPE = YES;
				GCC_WARN_UNINITIALIZED_AUTOS = YES;
				GCC_WARN_UNUSED_VARIABLE = YES;
				IPHONEOS_DEPLOYMENT_TARGET = 5.0;
				OTHER_CFLAGS = "-DNS_BLOCK_ASSERTIONS=1";
				"PROVISIONING_PROFILE[sdk=iphoneos*]" = "";
				SDKROOT = iphoneos;
				TARGETED_DEVICE_FAMILY = 2;
				VALIDATE_PRODUCT = YES;
			};
			name = Release;
		};
		83490E97182F262900E38306 /* Debug */ = {
			isa = XCBuildConfiguration;
			buildSettings = {
				CODE_SIGN_ENTITLEMENTS = Entitlements.plist;
				CODE_SIGN_IDENTITY = "";
				"CODE_SIGN_IDENTITY[sdk=iphoneos*]" = "";
				GCC_PRECOMPILE_PREFIX_HEADER = YES;
				GCC_PREFIX_HEADER = "GiveMe5/GiveMe5-Prefix.pch";
				INFOPLIST_FILE = "GiveMe5/GiveMe5-Info.plist";
				IPHONEOS_DEPLOYMENT_TARGET = 5.0;
				PRODUCT_NAME = "$(TARGET_NAME)";
				WRAPPER_EXTENSION = app;
			};
			name = Debug;
		};
		83490E98182F262900E38306 /* Release */ = {
			isa = XCBuildConfiguration;
			buildSettings = {
				CODE_SIGN_ENTITLEMENTS = Entitlements.plist;
				CODE_SIGN_IDENTITY = "";
				"CODE_SIGN_IDENTITY[sdk=iphoneos*]" = "";
				GCC_PRECOMPILE_PREFIX_HEADER = YES;
				GCC_PREFIX_HEADER = "GiveMe5/GiveMe5-Prefix.pch";
				INFOPLIST_FILE = "GiveMe5/GiveMe5-Info.plist";
				IPHONEOS_DEPLOYMENT_TARGET = 5.0;
				PRODUCT_NAME = "$(TARGET_NAME)";
				WRAPPER_EXTENSION = app;
			};
			name = Release;
		};
/* End XCBuildConfiguration section */

/* Begin XCConfigurationList section */
		83490E6E182F262800E38306 /* Build configuration list for PBXProject "GiveMe5" */ = {
			isa = XCConfigurationList;
			buildConfigurations = (
				83490E94182F262900E38306 /* Debug */,
				83490E95182F262900E38306 /* Release */,
			);
			defaultConfigurationIsVisible = 0;
			defaultConfigurationName = Release;
		};
		83490E96182F262900E38306 /* Build configuration list for PBXNativeTarget "GiveMe5" */ = {
			isa = XCConfigurationList;
			buildConfigurations = (
				83490E97182F262900E38306 /* Debug */,
				83490E98182F262900E38306 /* Release */,
			);
			defaultConfigurationIsVisible = 0;
			defaultConfigurationName = Release;
		};
/* End XCConfigurationList section */
	};
	rootObject = 83490E6B182F262800E38306 /* Project object */;
}
